<?xml version="1.0" encoding="utf-8"?>
<Project ToolsVersion="4.0" xmlns="http://schemas.microsoft.com/developer/msbuild/2003">
  <ItemGroup>
    <Filter Include="ソース ファイル">
      <UniqueIdentifier>{4FC737F1-C7A5-4376-A066-2A32D752A2FF}</UniqueIdentifier>
      <Extensions>cpp;c;cc;cxx;c++;cppm;ixx;def;odl;idl;hpj;bat;asm;asmx</Extensions>
    </Filter>
    <Filter Include="ヘッダー ファイル">
      <UniqueIdentifier>{93995380-89BD-4b04-88EB-625FBE52EBFB}</UniqueIdentifier>
      <Extensions>h;hh;hpp;hxx;h++;hm;inl;inc;ipp;xsd</Extensions>
    </Filter>
    <Filter Include="リソース ファイル">
      <UniqueIdentifier>{67DA6AB6-F800-4c08-8B7A-83BB121AAD01}</UniqueIdentifier>
      <Extensions>rc;ico;cur;bmp;dlg;rc2;rct;bin;rgs;gif;jpg;jpeg;jpe;resx;tiff;tif;png;wav;mfcribbon-ms</Extensions>
    </Filter>
    <Filter Include="imgui">
      <UniqueIdentifier>{85249e34-772f-4a17-bbe3-6cc714dc2f91}</UniqueIdentifier>
    </Filter>
    <Filter Include="ソース ファイル\kEngine">
      <UniqueIdentifier>{9be101dc-0334-4cce-889c-6c686d556044}</UniqueIdentifier>
    </Filter>
    <Filter Include="ソース ファイル\kEngine\tool">
      <UniqueIdentifier>{b3f5dee4-cd6a-4811-aae0-51ac380ab53d}</UniqueIdentifier>
    </Filter>
    <Filter Include="ソース ファイル\kEngine\tool\mathsUnit">
      <UniqueIdentifier>{29a6c1c5-6ab0-4593-be9f-b711c650a2cd}</UniqueIdentifier>
    </Filter>
    <Filter Include="ソース ファイル\kEngine\tool\StageManager">
      <UniqueIdentifier>{dfcf36a5-9933-4a30-a395-fbc208f0eda8}</UniqueIdentifier>
    </Filter>
    <Filter Include="ソース ファイル\kEngine\core">
      <UniqueIdentifier>{8c326b72-6cc2-41f1-8ec4-dfbbd117ce54}</UniqueIdentifier>
    </Filter>
    <Filter Include="ソース ファイル\kEngine\core\driver">
      <UniqueIdentifier>{5caaa8ba-08a9-49e8-a5b0-55efb8e6789f}</UniqueIdentifier>
    </Filter>
    <Filter Include="ソース ファイル\kEngine\core\Input">
      <UniqueIdentifier>{89b6680d-aefd-47dd-aa36-1800658b1b11}</UniqueIdentifier>
    </Filter>
    <Filter Include="ソース ファイル\kEngine\core\pso">
      <UniqueIdentifier>{f3508acb-40bf-43c7-93f2-aa1a17b3e3fb}</UniqueIdentifier>
    </Filter>
    <Filter Include="ソース ファイル\kEngine\DrawEngine">
      <UniqueIdentifier>{f5f0ade5-3ec7-411e-8403-91792796663e}</UniqueIdentifier>
    </Filter>
    <Filter Include="ソース ファイル\kEngine\DrawEngine\ResourceManager">
      <UniqueIdentifier>{7498b527-fa66-4124-8b5a-93c531d63688}</UniqueIdentifier>
    </Filter>
    <Filter Include="ソース ファイル\kEngine\DrawEngine\ResourceManager\ObjectResource">
      <UniqueIdentifier>{18208b75-d299-4f10-9139-f2d9007eb4ec}</UniqueIdentifier>
    </Filter>
    <Filter Include="ソース ファイル\kEngine\DrawEngine\DrawData">
      <UniqueIdentifier>{7f7c3545-1c26-4e64-9fee-0ebee7f58f80}</UniqueIdentifier>
    </Filter>
    <Filter Include="ソース ファイル\kEngine\DrawEngine\InstanceManager">
      <UniqueIdentifier>{0bfba050-6a9e-479b-a60f-00bdfaf12606}</UniqueIdentifier>
    </Filter>
    <Filter Include="ソース ファイル\kEngine\Lighting">
      <UniqueIdentifier>{3a0c0cbe-df6f-41b0-a0c2-d54b646e71a4}</UniqueIdentifier>
    </Filter>
    <Filter Include="ソース ファイル\kEngine\material">
      <UniqueIdentifier>{5519dc4e-41ce-4c6a-ad8f-8b34f9cc63c5}</UniqueIdentifier>
    </Filter>
    <Filter Include="ソース ファイル\kEngine\Sound">
      <UniqueIdentifier>{a0b0bb0a-1b71-4d75-956e-037322fbed53}</UniqueIdentifier>
    </Filter>
    <Filter Include="ヘッダー ファイル\kEngine">
      <UniqueIdentifier>{ef0fc76f-4ae7-42d6-b9be-3edbb4d31b57}</UniqueIdentifier>
    </Filter>
    <Filter Include="ヘッダー ファイル\kEngine\tool">
      <UniqueIdentifier>{cc8f6001-c61b-4d66-ba77-038d2a25b337}</UniqueIdentifier>
    </Filter>
    <Filter Include="ヘッダー ファイル\kEngine\tool\mathsUnit">
      <UniqueIdentifier>{d0cbdeeb-4dc0-44cd-869d-b96d9cbbece3}</UniqueIdentifier>
    </Filter>
    <Filter Include="ヘッダー ファイル\kEngine\tool\StageManager">
      <UniqueIdentifier>{9fca9167-013d-4a4f-bd27-f5f5c1856df2}</UniqueIdentifier>
    </Filter>
    <Filter Include="ヘッダー ファイル\kEngine\material">
      <UniqueIdentifier>{a2043b59-5c6e-4708-979c-2243a607d6da}</UniqueIdentifier>
    </Filter>
    <Filter Include="ヘッダー ファイル\kEngine\Lighting">
      <UniqueIdentifier>{0bba1cf5-1a32-40ca-a156-05791f152c2a}</UniqueIdentifier>
    </Filter>
    <Filter Include="ヘッダー ファイル\kEngine\DrawEngine">
      <UniqueIdentifier>{fe6b4033-c804-4a7c-b299-c02b57cae554}</UniqueIdentifier>
    </Filter>
    <Filter Include="ヘッダー ファイル\kEngine\DrawEngine\InstanceManager">
      <UniqueIdentifier>{5c8f8443-dc0d-4473-8d52-852a84eaada2}</UniqueIdentifier>
    </Filter>
    <Filter Include="ヘッダー ファイル\kEngine\DrawEngine\DrawData">
      <UniqueIdentifier>{50383e7d-4fe9-4a54-ae15-7363410d6412}</UniqueIdentifier>
    </Filter>
    <Filter Include="ヘッダー ファイル\kEngine\DrawEngine\ResourceManager">
      <UniqueIdentifier>{f5a8ea42-56e4-4517-8443-205267dd3b2f}</UniqueIdentifier>
    </Filter>
    <Filter Include="ヘッダー ファイル\kEngine\DrawEngine\ResourceManager\ObjectResource">
      <UniqueIdentifier>{d4d661d6-ff3a-4494-bdcd-33e77162a5ef}</UniqueIdentifier>
    </Filter>
    <Filter Include="ヘッダー ファイル\kEngine\core">
      <UniqueIdentifier>{49e68e62-2275-4787-9b20-f7117c435599}</UniqueIdentifier>
    </Filter>
    <Filter Include="ヘッダー ファイル\kEngine\core\driver">
      <UniqueIdentifier>{d60c9300-8209-475e-a5cf-af691f196ead}</UniqueIdentifier>
    </Filter>
    <Filter Include="ヘッダー ファイル\kEngine\core\Input">
      <UniqueIdentifier>{e6d4151c-a377-4a6d-b7b7-200d1e8e0fa4}</UniqueIdentifier>
    </Filter>
    <Filter Include="ヘッダー ファイル\kEngine\core\pso">
      <UniqueIdentifier>{9839f65d-eae4-4458-9344-39f7f40927d3}</UniqueIdentifier>
    </Filter>
    <Filter Include="ヘッダー ファイル\kEngine\Sound">
      <UniqueIdentifier>{f7a59acd-ca10-420e-9724-9a5f2141e9f1}</UniqueIdentifier>
    </Filter>
    <Filter Include="ソース ファイル\New">
      <UniqueIdentifier>{8648b78d-3a7a-44b7-957d-7ed2e1d77cf6}</UniqueIdentifier>
    </Filter>
    <Filter Include="ヘッダー ファイル\New">
      <UniqueIdentifier>{12d97853-4318-434e-9811-5b183537b7df}</UniqueIdentifier>
    </Filter>
    <Filter Include="ソース ファイル\Effect">
      <UniqueIdentifier>{2c4cc008-cf1b-40de-a895-f5c2f012227b}</UniqueIdentifier>
    </Filter>
    <Filter Include="ヘッダー ファイル\Effect">
      <UniqueIdentifier>{7d8bc408-2b78-43ea-8f62-b2421ae4ed44}</UniqueIdentifier>
    </Filter>
    <Filter Include="ソース ファイル\Shader">
      <UniqueIdentifier>{7401b172-ae10-4ad9-89bb-0279e09e4e74}</UniqueIdentifier>
    </Filter>
    <Filter Include="ヘッダー ファイル\Shader">
      <UniqueIdentifier>{593ae479-0340-4cae-b587-3c305d4db232}</UniqueIdentifier>
    </Filter>
    <Filter Include="リソース ファイル\Map">
      <UniqueIdentifier>{49131cbd-9e04-46e9-ab0b-c43f35dd7b9f}</UniqueIdentifier>
    </Filter>
  </ItemGroup>
  <ItemGroup>
    <ClCompile Include="main.cpp">
      <Filter>ヘッダー ファイル</Filter>
    </ClCompile>
    <ClCompile Include="kEngine\Renderer\Mesh\Model.cpp">
      <Filter>ソース ファイル\kEngine\DrawEngine\ResourceManager\ObjectResource</Filter>
    </ClCompile>
    <ClCompile Include="kEngine\Renderer\Mesh\ModelGroup.cpp">
      <Filter>ソース ファイル\kEngine\DrawEngine\ResourceManager\ObjectResource</Filter>
    </ClCompile>
    <ClCompile Include="kEngine\GameObject\Particle\Particle.cpp">
      <Filter>ソース ファイル\kEngine\DrawEngine\ResourceManager\ObjectResource</Filter>
    </ClCompile>
    <ClCompile Include="kEngine\Renderer\Resource\BasicResource.cpp">
      <Filter>ソース ファイル\kEngine\DrawEngine\ResourceManager</Filter>
    </ClCompile>
    <ClCompile Include="kEngine\Renderer\Resource\ResourceManager.cpp">
      <Filter>ソース ファイル\kEngine\DrawEngine\ResourceManager</Filter>
    </ClCompile>
    <ClCompile Include="kEngine\Renderer\Mesh\VertexResource.cpp">
      <Filter>ソース ファイル\kEngine\DrawEngine\ResourceManager</Filter>
    </ClCompile>
    <ClCompile Include="kEngine\Data\Render\CPUData\VertexData.cpp">
      <Filter>ソース ファイル\kEngine\DrawEngine\ResourceManager</Filter>
    </ClCompile>
    <ClCompile Include="kEngine\Renderer\drawEngine\drawEngine.cpp">
      <Filter>ソース ファイル\kEngine\DrawEngine</Filter>
    </ClCompile>
    <ClCompile Include="kEngine\core\config.cpp">
      <Filter>ソース ファイル\kEngine\core\driver</Filter>
    </ClCompile>
    <ClCompile Include="kEngine\core\DirectXCore.cpp">
      <Filter>ソース ファイル\kEngine\core\driver</Filter>
    </ClCompile>
    <ClCompile Include="kEngine\core\DirectXController.cpp">
      <Filter>ソース ファイル\kEngine\core\driver</Filter>
    </ClCompile>
    <ClCompile Include="kEngine\core\inputCore.cpp">
      <Filter>ソース ファイル\kEngine\core\Input</Filter>
    </ClCompile>
    <ClCompile Include="kEngine\Renderer\PSOManager\PSOFactory.cpp">
      <Filter>ソース ファイル\kEngine\core\pso</Filter>
    </ClCompile>
    <ClCompile Include="kEngine\Data\Render\Types\LightModelType.cpp">
      <Filter>ソース ファイル\kEngine\Lighting</Filter>
    </ClCompile>
    <ClCompile Include="kEngine\Data\Render\GPUData\DirectionalLightGPU.cpp">
      <Filter>ソース ファイル\kEngine\Lighting</Filter>
    </ClCompile>
    <ClCompile Include="kEngine\Data\Render\CPUData\MaterialConfig.cpp">
      <Filter>ソース ファイル\kEngine\material</Filter>
    </ClCompile>
    <ClCompile Include="kEngine\Data\Render\GPUData\MaterialForGPU.cpp">
      <Filter>ソース ファイル\kEngine\material</Filter>
    </ClCompile>
    <ClCompile Include="kEngine\Sound\soundUnit.cpp">
      <Filter>ソース ファイル\kEngine\Sound</Filter>
    </ClCompile>
    <ClCompile Include="kEngine\Sound\soundManager.cpp">
      <Filter>ソース ファイル\kEngine\Sound</Filter>
    </ClCompile>
    <ClCompile Include="kEngine\GameObject\Camera\DebugCamera.cpp">
      <Filter>ソース ファイル\kEngine\tool</Filter>
    </ClCompile>
    <ClCompile Include="kEngine\Math\Matrix3x3.cpp">
      <Filter>ソース ファイル\kEngine\tool\mathsUnit</Filter>
    </ClCompile>
    <ClCompile Include="kEngine\Math\Matrix4x4.cpp">
      <Filter>ソース ファイル\kEngine\tool\mathsUnit</Filter>
    </ClCompile>
    <ClCompile Include="kEngine\Math\Transform.cpp">
      <Filter>ソース ファイル\kEngine\tool\mathsUnit</Filter>
    </ClCompile>
    <ClCompile Include="kEngine\Math\Vector2.cpp">
      <Filter>ソース ファイル\kEngine\tool\mathsUnit</Filter>
    </ClCompile>
    <ClCompile Include="kEngine\Math\Vector3.cpp">
      <Filter>ソース ファイル\kEngine\tool\mathsUnit</Filter>
    </ClCompile>
    <ClCompile Include="kEngine\Math\TransformationMatrix.cpp">
      <Filter>ソース ファイル\kEngine\tool\mathsUnit</Filter>
    </ClCompile>
    <ClCompile Include="kEngine\Scenes\BaseScene.cpp">
      <Filter>ソース ファイル\kEngine\tool\StageManager</Filter>
    </ClCompile>
    <ClCompile Include="kEngine\Scenes\SceneManager.cpp">
      <Filter>ソース ファイル\kEngine\tool\StageManager</Filter>
    </ClCompile>
    <ClCompile Include="kEngine\Tool\TimeManager\TimeManager.cpp">
      <Filter>ソース ファイル\kEngine\tool</Filter>
    </ClCompile>
    <ClCompile Include="kEngine\core\kEngine.cpp">
      <Filter>ソース ファイル\kEngine</Filter>
    </ClCompile>
    <ClCompile Include="kEngine\Math\PerlinNoise\PerlinNoise.cpp">
      <Filter>ソース ファイル\Effect</Filter>
    </ClCompile>
    <ClCompile Include="kEngine\Math\MathsIncluder.cpp">
      <Filter>ソース ファイル\kEngine\tool\mathsUnit</Filter>
    </ClCompile>
    <ClCompile Include="kEngine\Utility\randomMaker.cpp">
      <Filter>ソース ファイル\kEngine\tool\mathsUnit</Filter>
    </ClCompile>
    <ClCompile Include="kEngine\Utility\StringManage\ConvertString.cpp">
      <Filter>ソース ファイル</Filter>
    </ClCompile>
    <ClCompile Include="kEngine\Renderer\ShaderManager\shader_compile.cpp">
      <Filter>ソース ファイル\Shader</Filter>
    </ClCompile>
    <ClCompile Include="kEngine\GameObject\Button\button.cpp">
      <Filter>ソース ファイル</Filter>
    </ClCompile>
    <ClCompile Include="kEngine\GameObject\Camera\Camera.cpp">
      <Filter>ソース ファイル</Filter>
    </ClCompile>
    <ClCompile Include="kEngine\GameObject\Object\Object.cpp">
      <Filter>ソース ファイル</Filter>
    </ClCompile>
    <ClCompile Include="kEngine\Tool\DebugTool\Logger.cpp">
      <Filter>ソース ファイル</Filter>
    </ClCompile>
    <ClCompile Include="kEngine\core\WinAPI.cpp">
      <Filter>ソース ファイル</Filter>
    </ClCompile>
    <ClCompile Include="kEngine\Utility\FrameRateLimiter.cpp">
      <Filter>ソース ファイル</Filter>
    </ClCompile>
    <ClCompile Include="kEngine\GameObject\Player\Player.cpp">
      <Filter>ソース ファイル</Filter>
    </ClCompile>
    <ClCompile Include="kEngine\Data\Game\MapChip\MapChipField.cpp">
      <Filter>ソース ファイル</Filter>
    </ClCompile>
    <ClCompile Include="kEngine\Data\Render\CPUData\ObjectData.cpp">
      <Filter>ソース ファイル</Filter>
    </ClCompile>
    <ClCompile Include="kEngine\GameObject\Object\Sprite.cpp">
      <Filter>ソース ファイル</Filter>
    </ClCompile>
    <ClCompile Include="kEngine\Data\Render\CPUData\SpriteData.cpp">
      <Filter>ソース ファイル</Filter>
    </ClCompile>
    <ClCompile Include="kEngine\Renderer\Mesh\SimpleSpriteMesh.cpp">
      <Filter>ソース ファイル</Filter>
    </ClCompile>
    <ClCompile Include="kEngine\Renderer\Resource\TextureManager.cpp">
      <Filter>ソース ファイル</Filter>
    </ClCompile>
    <ClCompile Include="kEngine\Data\Render\CPUData\CornerData.cpp">
      <Filter>ソース ファイル</Filter>
    </ClCompile>
    <ClCompile Include="kEngine\Scenes\CG4_HK_1\Effect1.cpp">
      <Filter>ソース ファイル</Filter>
    </ClCompile>
    <ClCompile Include="kEngine\Scenes\CG4_HK_1\Effect2.cpp">
      <Filter>ソース ファイル</Filter>
    </ClCompile>
    <ClCompile Include="kEngine\Scenes\CG4_HK_1\menu.cpp">
      <Filter>ソース ファイル</Filter>
    </ClCompile>
    <ClCompile Include="ResourceLoader.cpp">
      <Filter>ソース ファイル</Filter>
    </ClCompile>
    <ClCompile Include="kEngine\Data\Geometry\Corner\Corner.cpp">
      <Filter>ソース ファイル</Filter>
    </ClCompile>
    <ClCompile Include="kEngine\Data\Game\MapChip\MapChipData.cpp">
      <Filter>ソース ファイル</Filter>
    </ClCompile>
    <ClCompile Include="kEngine\Tool\AnimationSystem\AnimationSystem.cpp">
      <Filter>ソース ファイル</Filter>
    </ClCompile>
    <ClCompile Include="kEngine\Tool\AnimationSystem\AnimationUnit.cpp">
      <Filter>ソース ファイル</Filter>
    </ClCompile>
    <ClCompile Include="kEngine\Tool\AnimationSystem\AnimationEditor.cpp">
      <Filter>ソース ファイル</Filter>
    </ClCompile>
    <ClCompile Include="kEngine\Renderer\Mesh\SphereMesh.cpp">
      <Filter>ソース ファイル</Filter>
    </ClCompile>
    <ClCompile Include="kEngine\Renderer\Mesh\Sprite2DMesh.cpp">
      <Filter>ソース ファイル</Filter>
    </ClCompile>
    <ClCompile Include="kEngine\Renderer\Mesh\TriangleMesh.cpp">
      <Filter>ソース ファイル</Filter>
    </ClCompile>
    <ClCompile Include="kEngine\Renderer\Mesh\CubeMesh.cpp">
      <Filter>ソース ファイル</Filter>
    </ClCompile>
    <ClCompile Include="kEngine\Data\Geometry\CrashData\crashIncluder.cpp">
      <Filter>ソース ファイル</Filter>
    </ClCompile>
    <ClCompile Include="kEngine\Math\Geometry\Collision\crashDecision.cpp">
      <Filter>ソース ファイル</Filter>
    </ClCompile>
    <ClCompile Include="kEngine\Tool\DefaultMenu\DefaultMenu.cpp">
      <Filter>ソース ファイル</Filter>
    </ClCompile>
    <ClCompile Include="kEngine\Scenes\SceneElement.cpp">
      <Filter>ソース ファイル</Filter>
    </ClCompile>
    <ClCompile Include="kEngine\GameObject\Particle\P_Ball\P_Ball.cpp">
      <Filter>ソース ファイル</Filter>
    </ClCompile>
    <ClCompile Include="kEngine\Renderer\SrvManager\SrvManager.cpp">
      <Filter>ソース ファイル</Filter>
    </ClCompile>
    <ClCompile Include="kEngine\Tool\ImGuiManager\ImGuiManager.cpp">
      <Filter>ソース ファイル</Filter>
    </ClCompile>
    <ClCompile Include="kEngine\Utility\IDManager\IDManager.cpp">
      <Filter>ソース ファイル</Filter>
    </ClCompile>
    <ClCompile Include="kEngine\Data\Render\GPUData\CameraForGPU.cpp">
      <Filter>ソース ファイル</Filter>
    </ClCompile>
    <ClCompile Include="kEngine\Data\Render\CPUData\CameraData.cpp">
      <Filter>ソース ファイル</Filter>
    </ClCompile>
    <ClCompile Include="kEngine\Collector\DrawData\DrawDataCollector.cpp">
      <Filter>ソース ファイル</Filter>
    </ClCompile>
    <ClCompile Include="kEngine\Data\Render\Queue\RenderData.cpp">
      <Filter>ソース ファイル</Filter>
    </ClCompile>
    <ClCompile Include="kEngine\Data\Render\Types\PSOType.cpp">
      <Filter>ソース ファイル</Filter>
    </ClCompile>
    <ClCompile Include="kEngine\Renderer\CameraManager\CameraManager.cpp">
      <Filter>ソース ファイル</Filter>
    </ClCompile>
    <ClCompile Include="kEngine\Data\Render\Types\BlendModeType.cpp">
      <Filter>ソース ファイル</Filter>
    </ClCompile>
    <ClCompile Include="kEngine\Tool\DebugTool\DebugObject.cpp">
      <Filter>ソース ファイル</Filter>
    </ClCompile>
    <ClCompile Include="kEngine\Renderer\LightManager\LightManager.cpp">
      <Filter>ソース ファイル</Filter>
    </ClCompile>
    <ClCompile Include="kEngine\Renderer\Lighting\DirectionalLight.cpp">
      <Filter>ソース ファイル</Filter>
    </ClCompile>
    <ClCompile Include="kEngine\Renderer\Lighting\Light.cpp">
      <Filter>ソース ファイル</Filter>
    </ClCompile>
    <ClCompile Include="kEngine\Data\Render\GPUData\LightGPU.cpp">
      <Filter>ソース ファイル</Filter>
    </ClCompile>
    <ClCompile Include="kEngine\Data\Render\Types\LightingType.cpp">
      <Filter>ソース ファイル</Filter>
    </ClCompile>
    <ClCompile Include="kEngine\Renderer\Lighting\SpotLight.cpp">
      <Filter>ソース ファイル</Filter>
    </ClCompile>
    <ClCompile Include="kEngine\Renderer\Lighting\PointLight.cpp">
      <Filter>ソース ファイル</Filter>
    </ClCompile>
    <ClCompile Include="kEngine\Renderer\Lighting\AeraLight.cpp">
      <Filter>ソース ファイル</Filter>
    </ClCompile>
    <ClCompile Include="kEngine\Scenes\BaseSceneFactory.cpp">
      <Filter>ソース ファイル</Filter>
    </ClCompile>
    <ClCompile Include="kEngine\GameObject\CountdownTimer\CountdownTimer.cpp">
      <Filter>ソース ファイル</Filter>
    </ClCompile>
    <ClCompile Include="kEngine\GameObject\StartTimer\StartTimer.cpp">
      <Filter>ソース ファイル</Filter>
    </ClCompile>
    <ClCompile Include="kEngine\Math\Vector4.cpp">
      <Filter>ソース ファイル</Filter>
    </ClCompile>
    <ClCompile Include="externals\DirectXTex\BC.cpp">
      <Filter>ソース ファイル</Filter>
    </ClCompile>
    <ClCompile Include="externals\DirectXTex\BC4BC5.cpp">
      <Filter>ソース ファイル</Filter>
    </ClCompile>
    <ClCompile Include="externals\DirectXTex\BC6HBC7.cpp">
      <Filter>ソース ファイル</Filter>
    </ClCompile>
    <ClCompile Include="externals\DirectXTex\BCDirectCompute.cpp">
      <Filter>ソース ファイル</Filter>
    </ClCompile>
    <ClCompile Include="externals\DirectXTex\DirectXTexCompress.cpp">
      <Filter>ソース ファイル</Filter>
    </ClCompile>
    <ClCompile Include="externals\DirectXTex\DirectXTexCompressGPU.cpp">
      <Filter>ソース ファイル</Filter>
    </ClCompile>
    <ClCompile Include="externals\DirectXTex\DirectXTexConvert.cpp">
      <Filter>ソース ファイル</Filter>
    </ClCompile>
    <ClCompile Include="externals\DirectXTex\DirectXTexD3D11.cpp">
      <Filter>ソース ファイル</Filter>
    </ClCompile>
    <ClCompile Include="externals\DirectXTex\DirectXTexD3D12.cpp">
      <Filter>ソース ファイル</Filter>
    </ClCompile>
    <ClCompile Include="externals\DirectXTex\DirectXTexDDS.cpp">
      <Filter>ソース ファイル</Filter>
    </ClCompile>
    <ClCompile Include="externals\DirectXTex\DirectXTexFlipRotate.cpp">
      <Filter>ソース ファイル</Filter>
    </ClCompile>
    <ClCompile Include="externals\DirectXTex\DirectXTexHDR.cpp">
      <Filter>ソース ファイル</Filter>
    </ClCompile>
    <ClCompile Include="externals\DirectXTex\DirectXTexImage.cpp">
      <Filter>ソース ファイル</Filter>
    </ClCompile>
    <ClCompile Include="externals\DirectXTex\DirectXTexMipmaps.cpp">
      <Filter>ソース ファイル</Filter>
    </ClCompile>
    <ClCompile Include="externals\DirectXTex\DirectXTexMisc.cpp">
      <Filter>ソース ファイル</Filter>
    </ClCompile>
    <ClCompile Include="externals\DirectXTex\DirectXTexNormalMaps.cpp">
      <Filter>ソース ファイル</Filter>
    </ClCompile>
    <ClCompile Include="externals\DirectXTex\DirectXTexPMAlpha.cpp">
      <Filter>ソース ファイル</Filter>
    </ClCompile>
    <ClCompile Include="externals\DirectXTex\DirectXTexResize.cpp">
      <Filter>ソース ファイル</Filter>
    </ClCompile>
    <ClCompile Include="externals\DirectXTex\DirectXTexTGA.cpp">
      <Filter>ソース ファイル</Filter>
    </ClCompile>
    <ClCompile Include="externals\DirectXTex\DirectXTexUtil.cpp">
      <Filter>ソース ファイル</Filter>
    </ClCompile>
    <ClCompile Include="externals\DirectXTex\DirectXTexWIC.cpp">
      <Filter>ソース ファイル</Filter>
    </ClCompile>
    <ClCompile Include="externals\imgui\imgui.cpp">
      <Filter>ソース ファイル</Filter>
    </ClCompile>
    <ClCompile Include="externals\imgui\imgui_demo.cpp">
      <Filter>ソース ファイル</Filter>
    </ClCompile>
    <ClCompile Include="externals\imgui\imgui_draw.cpp">
      <Filter>ソース ファイル</Filter>
    </ClCompile>
    <ClCompile Include="externals\imgui\imgui_impl_dx12.cpp">
      <Filter>ソース ファイル</Filter>
    </ClCompile>
    <ClCompile Include="externals\imgui\imgui_impl_win32.cpp">
      <Filter>ソース ファイル</Filter>
    </ClCompile>
    <ClCompile Include="externals\imgui\imgui_stdlib.cpp">
      <Filter>ソース ファイル</Filter>
    </ClCompile>
    <ClCompile Include="externals\imgui\imgui_tables.cpp">
      <Filter>ソース ファイル</Filter>
    </ClCompile>
    <ClCompile Include="externals\imgui\imgui_widgets.cpp">
      <Filter>ソース ファイル</Filter>
    </ClCompile>
    <ClCompile Include="kEngine\Scenes\SceneFactory.cpp">
      <Filter>ソース ファイル</Filter>
    </ClCompile>
    <ClCompile Include="kEngine\Scenes\CG3_HK_2\SceneCGHK2.cpp">
      <Filter>ソース ファイル</Filter>
    </ClCompile>
    <ClCompile Include="GAME\scenes\scene1.cpp">
      <Filter>ソース ファイル</Filter>
    </ClCompile>
    <ClCompile Include="kEngine\Math\Matrix3x3Math.cpp">
      <Filter>ソース ファイル</Filter>
    </ClCompile>
    <ClCompile Include="GAME\scenes\UITest.cpp">
      <Filter>ソース ファイル</Filter>
    </ClCompile>
    <ClCompile Include="GAME\Object\DetailButton\DetailButton.cpp">
      <Filter>ソース ファイル</Filter>
    </ClCompile>
    <ClCompile Include="kEngine\Data\Geometry\CrashData\Ray.cpp">
      <Filter>ソース ファイル</Filter>
    </ClCompile>
    <ClCompile Include="kEngine\Data\Geometry\CrashData\Segment.cpp">
      <Filter>ソース ファイル</Filter>
    </ClCompile>
    <ClCompile Include="kEngine\Data\Geometry\CrashData\Sphere.cpp">
      <Filter>ソース ファイル</Filter>
    </ClCompile>
    <ClCompile Include="kEngine\Data\Geometry\CrashData\OldHitBox.cpp">
      <Filter>ソース ファイル</Filter>
    </ClCompile>
    <ClCompile Include="kEngine\Data\Geometry\CrashData\AABB.cpp">
      <Filter>ソース ファイル</Filter>
    </ClCompile>
    <ClCompile Include="kEngine\Data\Geometry\CrashData\OBB.cpp">
      <Filter>ソース ファイル</Filter>
    </ClCompile>
    <ClCompile Include="kEngine\Data\Geometry\CrashData\Capsule.cpp">
      <Filter>ソース ファイル</Filter>
    </ClCompile>
    <ClCompile Include="kEngine\Tool\DebugTool\DebugLineTool.cpp">
      <Filter>ソース ファイル</Filter>
    </ClCompile>
    <ClCompile Include="kEngine\Data\Render\GPUData\DebugLineGPU.cpp">
      <Filter>ソース ファイル</Filter>
    </ClCompile>
    <ClCompile Include="kEngine\Data\Render\CPUData\DebugLine.cpp">
      <Filter>ソース ファイル</Filter>
    </ClCompile>
    <ClCompile Include="GAME\Object\Panel\Panel.cpp">
      <Filter>ソース ファイル</Filter>
    </ClCompile>
  </ItemGroup>
  <ItemGroup>
    <ClInclude Include="kEngine\Math\Vector2.h">
      <Filter>ヘッダー ファイル\kEngine\tool\mathsUnit</Filter>
    </ClInclude>
    <ClInclude Include="kEngine\Math\Vector3.h">
      <Filter>ヘッダー ファイル\kEngine\tool\mathsUnit</Filter>
    </ClInclude>
    <ClInclude Include="kEngine\Math\Matrix3x3.h">
      <Filter>ヘッダー ファイル\kEngine\tool\mathsUnit</Filter>
    </ClInclude>
    <ClInclude Include="kEngine\Math\Matrix4x4.h">
      <Filter>ヘッダー ファイル\kEngine\tool\mathsUnit</Filter>
    </ClInclude>
    <ClInclude Include="kEngine\Math\Transform.h">
      <Filter>ヘッダー ファイル\kEngine\tool\mathsUnit</Filter>
    </ClInclude>
    <ClInclude Include="kEngine\Renderer\Mesh\Model.h">
      <Filter>ヘッダー ファイル\kEngine\DrawEngine\ResourceManager\ObjectResource</Filter>
    </ClInclude>
    <ClInclude Include="kEngine\Renderer\Mesh\ModelGroup.h">
      <Filter>ヘッダー ファイル\kEngine\DrawEngine\ResourceManager\ObjectResource</Filter>
    </ClInclude>
    <ClInclude Include="kEngine\GameObject\Particle\Particle.h">
      <Filter>ヘッダー ファイル\kEngine\DrawEngine\ResourceManager\ObjectResource</Filter>
    </ClInclude>
    <ClInclude Include="kEngine\Renderer\Mesh\VertexIndex.h">
      <Filter>ヘッダー ファイル\kEngine\DrawEngine\ResourceManager\ObjectResource</Filter>
    </ClInclude>
    <ClInclude Include="kEngine\Renderer\Resource\BasicResource.h">
      <Filter>ヘッダー ファイル\kEngine\DrawEngine\ResourceManager</Filter>
    </ClInclude>
    <ClInclude Include="kEngine\Renderer\Resource\ResourceManager.h">
      <Filter>ヘッダー ファイル\kEngine\DrawEngine\ResourceManager</Filter>
    </ClInclude>
    <ClInclude Include="kEngine\Renderer\Mesh\VertexResource.h">
      <Filter>ヘッダー ファイル\kEngine\DrawEngine\ResourceManager</Filter>
    </ClInclude>
    <ClInclude Include="kEngine\Data\Render\CPUData\VertexData.h">
      <Filter>ヘッダー ファイル\kEngine\DrawEngine\ResourceManager</Filter>
    </ClInclude>
    <ClInclude Include="kEngine\Renderer\drawEngine\drawEngine.h">
      <Filter>ヘッダー ファイル\kEngine\DrawEngine</Filter>
    </ClInclude>
    <ClInclude Include="kEngine\core\inputCore.h">
      <Filter>ヘッダー ファイル\kEngine\core\Input</Filter>
    </ClInclude>
    <ClInclude Include="kEngine\core\DirectXCore.h">
      <Filter>ヘッダー ファイル\kEngine\core\driver</Filter>
    </ClInclude>
    <ClInclude Include="kEngine\core\DirectXController.h">
      <Filter>ヘッダー ファイル\kEngine\core\driver</Filter>
    </ClInclude>
    <ClInclude Include="kEngine\core\config.h">
      <Filter>ヘッダー ファイル\kEngine\core\driver</Filter>
    </ClInclude>
    <ClInclude Include="kEngine\Renderer\PSOManager\PSOFactory.h">
      <Filter>ヘッダー ファイル\kEngine\core\pso</Filter>
    </ClInclude>
    <ClInclude Include="kEngine\Data\Render\GPUData\DirectionalLightGPU.h">
      <Filter>ヘッダー ファイル\kEngine\Lighting</Filter>
    </ClInclude>
    <ClInclude Include="kEngine\Data\Render\Types\LightModelType.h">
      <Filter>ヘッダー ファイル\kEngine\Lighting</Filter>
    </ClInclude>
    <ClInclude Include="kEngine\Data\Render\GPUData\MaterialForGPU.h">
      <Filter>ヘッダー ファイル\kEngine\material</Filter>
    </ClInclude>
    <ClInclude Include="kEngine\Data\Render\CPUData\MaterialConfig.h">
      <Filter>ヘッダー ファイル\kEngine\material</Filter>
    </ClInclude>
    <ClInclude Include="kEngine\Sound\soundManager.h">
      <Filter>ヘッダー ファイル\kEngine\Sound</Filter>
    </ClInclude>
    <ClInclude Include="kEngine\Sound\soundUnit.h">
      <Filter>ヘッダー ファイル\kEngine\Sound</Filter>
    </ClInclude>
    <ClInclude Include="kEngine\GameObject\Camera\DebugCamera.h">
      <Filter>ヘッダー ファイル\kEngine\tool</Filter>
    </ClInclude>
    <ClInclude Include="kEngine\Scenes\SceneManager.h">
      <Filter>ヘッダー ファイル\kEngine\tool\StageManager</Filter>
    </ClInclude>
    <ClInclude Include="kEngine\Scenes\BaseScene.h">
      <Filter>ヘッダー ファイル\kEngine\tool\StageManager</Filter>
    </ClInclude>
    <ClInclude Include="kEngine\Tool\TimeManager\TimeManager.h">
      <Filter>ヘッダー ファイル\kEngine\tool</Filter>
    </ClInclude>
    <ClInclude Include="kEngine\core\kEngine.h">
      <Filter>ヘッダー ファイル\kEngine</Filter>
    </ClInclude>
    <ClInclude Include="kEngine\Math\PerlinNoise\PerlinNoise.h">
      <Filter>ヘッダー ファイル\Effect</Filter>
    </ClInclude>
    <ClInclude Include="kEngine\Math\MathsIncluder.h">
      <Filter>ヘッダー ファイル\kEngine\tool\mathsUnit</Filter>
    </ClInclude>
    <ClInclude Include="kEngine\Utility\randomMaker.h">
      <Filter>ヘッダー ファイル\kEngine\tool\mathsUnit</Filter>
    </ClInclude>
    <ClInclude Include="kEngine\Math\TransformationMatrix.h">
      <Filter>ヘッダー ファイル\kEngine\tool\mathsUnit</Filter>
    </ClInclude>
    <ClInclude Include="kEngine\Utility\StringManage\ConvertString.h">
      <Filter>ヘッダー ファイル</Filter>
    </ClInclude>
    <ClInclude Include="kEngine\Renderer\ShaderManager\shader_compile.h">
      <Filter>ヘッダー ファイル\Shader</Filter>
    </ClInclude>
    <ClInclude Include="kEngine\GameObject\Button\button.h">
      <Filter>ヘッダー ファイル</Filter>
    </ClInclude>
    <ClInclude Include="kEngine\GameObject\Camera\Camera.h">
      <Filter>ヘッダー ファイル</Filter>
    </ClInclude>
    <ClInclude Include="kEngine\GameObject\Object\Object.h">
      <Filter>ヘッダー ファイル</Filter>
    </ClInclude>
    <ClInclude Include="kEngine\Tool\DebugTool\Logger.h">
      <Filter>ヘッダー ファイル</Filter>
    </ClInclude>
    <ClInclude Include="kEngine\core\WinAPI.h">
      <Filter>ヘッダー ファイル</Filter>
    </ClInclude>
    <ClInclude Include="kEngine\Utility\FrameRateLimiter.h">
      <Filter>ヘッダー ファイル</Filter>
    </ClInclude>
    <ClInclude Include="kEngine\GameObject\Player\Player.h">
      <Filter>ヘッダー ファイル</Filter>
    </ClInclude>
    <ClInclude Include="kEngine\Data\Game\MapChip\MapChipField.h">
      <Filter>ヘッダー ファイル</Filter>
    </ClInclude>
    <ClInclude Include="kEngine\Data\Render\CPUData\ObjectData.h">
      <Filter>ヘッダー ファイル</Filter>
    </ClInclude>
    <ClInclude Include="kEngine\GameObject\Object\Sprite.h">
      <Filter>ヘッダー ファイル</Filter>
    </ClInclude>
    <ClInclude Include="kEngine\Data\Render\CPUData\SpriteData.h">
      <Filter>ヘッダー ファイル</Filter>
    </ClInclude>
    <ClInclude Include="kEngine\Renderer\Mesh\SimpleSpriteMesh.h">
      <Filter>ヘッダー ファイル</Filter>
    </ClInclude>
    <ClInclude Include="kEngine\Renderer\Resource\TextureManager.h">
      <Filter>ヘッダー ファイル</Filter>
    </ClInclude>
    <ClInclude Include="kEngine\Data\Render\CPUData\CornerData.h">
      <Filter>ヘッダー ファイル</Filter>
    </ClInclude>
    <ClInclude Include="kEngine\Scenes\CG4_HK_1\Effect1.h">
      <Filter>ヘッダー ファイル</Filter>
    </ClInclude>
    <ClInclude Include="kEngine\Scenes\CG4_HK_1\Effect2.h">
      <Filter>ヘッダー ファイル</Filter>
    </ClInclude>
    <ClInclude Include="kEngine\Scenes\CG4_HK_1\menu.h">
      <Filter>ヘッダー ファイル</Filter>
    </ClInclude>
    <ClInclude Include="ResourceLoader.h">
      <Filter>ヘッダー ファイル</Filter>
    </ClInclude>
    <ClInclude Include="kEngine\Data\Geometry\Corner\Corner.h">
      <Filter>ヘッダー ファイル</Filter>
    </ClInclude>
    <ClInclude Include="kEngine\Data\Game\MapChip\MapChipData.h">
      <Filter>ヘッダー ファイル</Filter>
    </ClInclude>
    <ClInclude Include="kEngine\Tool\AnimationSystem\AnimationEditor.h">
      <Filter>ヘッダー ファイル</Filter>
    </ClInclude>
    <ClInclude Include="kEngine\Tool\AnimationSystem\AnimationSystem.h">
      <Filter>ヘッダー ファイル</Filter>
    </ClInclude>
    <ClInclude Include="kEngine\Tool\AnimationSystem\AnimationUnit.h">
      <Filter>ヘッダー ファイル</Filter>
    </ClInclude>
    <ClInclude Include="kEngine\Renderer\Mesh\SphereMesh.h">
      <Filter>ヘッダー ファイル</Filter>
    </ClInclude>
    <ClInclude Include="kEngine\Renderer\Mesh\Sprite2DMesh.h">
      <Filter>ヘッダー ファイル</Filter>
    </ClInclude>
    <ClInclude Include="kEngine\Renderer\Mesh\TriangleMesh.h">
      <Filter>ヘッダー ファイル</Filter>
    </ClInclude>
    <ClInclude Include="kEngine\Renderer\Mesh\CubeMesh.h">
      <Filter>ヘッダー ファイル</Filter>
    </ClInclude>
    <ClInclude Include="kEngine\Data\Geometry\CrashData\crashIncluder.h">
      <Filter>ヘッダー ファイル</Filter>
    </ClInclude>
    <ClInclude Include="kEngine\Math\Geometry\Collision\crashDecision.h">
      <Filter>ヘッダー ファイル</Filter>
    </ClInclude>
    <ClInclude Include="kEngine\Tool\DefaultMenu\DefaultMenu.h">
      <Filter>ヘッダー ファイル</Filter>
    </ClInclude>
    <ClInclude Include="kEngine\Scenes\SceneElement.h">
      <Filter>ヘッダー ファイル</Filter>
    </ClInclude>
    <ClInclude Include="kEngine\GameObject\Particle\P_Ball\P_Ball.h">
      <Filter>ヘッダー ファイル</Filter>
    </ClInclude>
    <ClInclude Include="kEngine\Renderer\SrvManager\SrvManager.h">
      <Filter>ヘッダー ファイル</Filter>
    </ClInclude>
    <ClInclude Include="kEngine\Tool\ImGuiManager\ImGuiManager.h">
      <Filter>ヘッダー ファイル</Filter>
    </ClInclude>
    <ClInclude Include="kEngine\Utility\IDManager\IDManager.h">
      <Filter>ヘッダー ファイル</Filter>
    </ClInclude>
    <ClInclude Include="kEngine\Data\Render\GPUData\CameraForGPU.h">
      <Filter>ヘッダー ファイル</Filter>
    </ClInclude>
    <ClInclude Include="kEngine\Data\Render\CPUData\CameraData.h">
      <Filter>ヘッダー ファイル</Filter>
    </ClInclude>
    <ClInclude Include="kEngine\Collector\DrawData\DrawDataCollector.h">
      <Filter>ヘッダー ファイル</Filter>
    </ClInclude>
    <ClInclude Include="kEngine\Data\Render\Queue\RenderData.h">
      <Filter>ヘッダー ファイル</Filter>
    </ClInclude>
    <ClInclude Include="kEngine\Data\Render\Types\PSOType.h">
      <Filter>ヘッダー ファイル</Filter>
    </ClInclude>
    <ClInclude Include="kEngine\Renderer\CameraManager\CameraManager.h">
      <Filter>ヘッダー ファイル</Filter>
    </ClInclude>
    <ClInclude Include="kEngine\Data\Render\Types\BlendModeType.h">
      <Filter>ヘッダー ファイル</Filter>
    </ClInclude>
    <ClInclude Include="kEngine\Tool\DebugTool\DebugObject.h">
      <Filter>ヘッダー ファイル</Filter>
    </ClInclude>
    <ClInclude Include="kEngine\Renderer\LightManager\LightManager.h">
      <Filter>ヘッダー ファイル</Filter>
    </ClInclude>
    <ClInclude Include="kEngine\Renderer\Lighting\DirectionalLight.h">
      <Filter>ヘッダー ファイル</Filter>
    </ClInclude>
    <ClInclude Include="kEngine\Renderer\Lighting\Light.h">
      <Filter>ヘッダー ファイル</Filter>
    </ClInclude>
    <ClInclude Include="kEngine\Data\Render\GPUData\LightGPU.h">
      <Filter>ヘッダー ファイル</Filter>
    </ClInclude>
    <ClInclude Include="kEngine\Data\Render\Types\LightingType.h">
      <Filter>ヘッダー ファイル</Filter>
    </ClInclude>
    <ClInclude Include="kEngine\Renderer\Lighting\SpotLight.h">
      <Filter>ヘッダー ファイル</Filter>
    </ClInclude>
    <ClInclude Include="kEngine\Renderer\Lighting\PointLight.h">
      <Filter>ヘッダー ファイル</Filter>
    </ClInclude>
    <ClInclude Include="kEngine\Renderer\Lighting\AeraLight.h">
      <Filter>ヘッダー ファイル</Filter>
    </ClInclude>
    <ClInclude Include="kEngine\Scenes\BaseSceneFactory.h">
      <Filter>ヘッダー ファイル</Filter>
    </ClInclude>
    <ClInclude Include="kEngine\GameObject\CountdownTimer\CountdownTimer.h">
      <Filter>ヘッダー ファイル</Filter>
    </ClInclude>
    <ClInclude Include="kEngine\GameObject\StartTimer\StartTimer.h">
      <Filter>ヘッダー ファイル</Filter>
    </ClInclude>
    <ClInclude Include="kEngine\Math\Vector4.h">
      <Filter>ヘッダー ファイル</Filter>
    </ClInclude>
    <ClInclude Include="externals\DirectXTex\BC.h">
      <Filter>ヘッダー ファイル</Filter>
    </ClInclude>
    <ClInclude Include="externals\DirectXTex\BCDirectCompute.h">
      <Filter>ヘッダー ファイル</Filter>
    </ClInclude>
    <ClInclude Include="externals\DirectXTex\d3dx12.h">
      <Filter>ヘッダー ファイル</Filter>
    </ClInclude>
    <ClInclude Include="externals\DirectXTex\DDS.h">
      <Filter>ヘッダー ファイル</Filter>
    </ClInclude>
    <ClInclude Include="externals\DirectXTex\DirectXTex.h">
      <Filter>ヘッダー ファイル</Filter>
    </ClInclude>
    <ClInclude Include="externals\DirectXTex\DirectXTexP.h">
      <Filter>ヘッダー ファイル</Filter>
    </ClInclude>
    <ClInclude Include="externals\DirectXTex\filters.h">
      <Filter>ヘッダー ファイル</Filter>
    </ClInclude>
    <ClInclude Include="externals\DirectXTex\scoped.h">
      <Filter>ヘッダー ファイル</Filter>
    </ClInclude>
    <ClInclude Include="externals\imgui\imconfig.h">
      <Filter>ヘッダー ファイル</Filter>
    </ClInclude>
    <ClInclude Include="externals\imgui\imgui.h">
      <Filter>ヘッダー ファイル</Filter>
    </ClInclude>
    <ClInclude Include="externals\imgui\imgui_impl_dx12.h">
      <Filter>ヘッダー ファイル</Filter>
    </ClInclude>
    <ClInclude Include="externals\imgui\imgui_impl_win32.h">
      <Filter>ヘッダー ファイル</Filter>
    </ClInclude>
    <ClInclude Include="externals\imgui\imgui_internal.h">
      <Filter>ヘッダー ファイル</Filter>
    </ClInclude>
    <ClInclude Include="externals\imgui\imgui_stdlib.h">
      <Filter>ヘッダー ファイル</Filter>
    </ClInclude>
    <ClInclude Include="externals\imgui\imstb_rectpack.h">
      <Filter>ヘッダー ファイル</Filter>
    </ClInclude>
    <ClInclude Include="externals\imgui\imstb_textedit.h">
      <Filter>ヘッダー ファイル</Filter>
    </ClInclude>
    <ClInclude Include="externals\imgui\imstb_truetype.h">
      <Filter>ヘッダー ファイル</Filter>
    </ClInclude>
    <ClInclude Include="externals\nlohmann\json.hpp">
      <Filter>ヘッダー ファイル</Filter>
    </ClInclude>
    <ClInclude Include="externals\nlohmann\json_fwd.hpp">
      <Filter>ヘッダー ファイル</Filter>
    </ClInclude>
    <ClInclude Include="externals\assimp\include\assimp\Compiler\poppack1.h">
      <Filter>ヘッダー ファイル</Filter>
    </ClInclude>
    <ClInclude Include="externals\assimp\include\assimp\Compiler\pstdint.h">
      <Filter>ヘッダー ファイル</Filter>
    </ClInclude>
    <ClInclude Include="externals\assimp\include\assimp\Compiler\pushpack1.h">
      <Filter>ヘッダー ファイル</Filter>
    </ClInclude>
    <ClInclude Include="externals\assimp\include\assimp\port\AndroidJNI\AndroidJNIIOSystem.h">
      <Filter>ヘッダー ファイル</Filter>
    </ClInclude>
    <ClInclude Include="externals\assimp\include\assimp\port\AndroidJNI\BundledAssetIOSystem.h">
      <Filter>ヘッダー ファイル</Filter>
    </ClInclude>
    <ClInclude Include="externals\assimp\include\assimp\aabb.h">
      <Filter>ヘッダー ファイル</Filter>
    </ClInclude>
    <ClInclude Include="externals\assimp\include\assimp\ai_assert.h">
      <Filter>ヘッダー ファイル</Filter>
    </ClInclude>
    <ClInclude Include="externals\assimp\include\assimp\anim.h">
      <Filter>ヘッダー ファイル</Filter>
    </ClInclude>
    <ClInclude Include="externals\assimp\include\assimp\AssertHandler.h">
      <Filter>ヘッダー ファイル</Filter>
    </ClInclude>
    <ClInclude Include="externals\assimp\include\assimp\Base64.hpp">
      <Filter>ヘッダー ファイル</Filter>
    </ClInclude>
    <ClInclude Include="externals\assimp\include\assimp\BaseImporter.h">
      <Filter>ヘッダー ファイル</Filter>
    </ClInclude>
    <ClInclude Include="externals\assimp\include\assimp\Bitmap.h">
      <Filter>ヘッダー ファイル</Filter>
    </ClInclude>
    <ClInclude Include="externals\assimp\include\assimp\BlobIOSystem.h">
      <Filter>ヘッダー ファイル</Filter>
    </ClInclude>
    <ClInclude Include="externals\assimp\include\assimp\ByteSwapper.h">
      <Filter>ヘッダー ファイル</Filter>
    </ClInclude>
    <ClInclude Include="externals\assimp\include\assimp\camera.h">
      <Filter>ヘッダー ファイル</Filter>
    </ClInclude>
    <ClInclude Include="externals\assimp\include\assimp\cexport.h">
      <Filter>ヘッダー ファイル</Filter>
    </ClInclude>
    <ClInclude Include="externals\assimp\include\assimp\cfileio.h">
      <Filter>ヘッダー ファイル</Filter>
    </ClInclude>
    <ClInclude Include="externals\assimp\include\assimp\cimport.h">
      <Filter>ヘッダー ファイル</Filter>
    </ClInclude>
    <ClInclude Include="externals\assimp\include\assimp\ColladaMetaData.h">
      <Filter>ヘッダー ファイル</Filter>
    </ClInclude>
    <ClInclude Include="externals\assimp\include\assimp\color4.h">
      <Filter>ヘッダー ファイル</Filter>
    </ClInclude>
    <ClInclude Include="externals\assimp\include\assimp\commonMetaData.h">
      <Filter>ヘッダー ファイル</Filter>
    </ClInclude>
    <ClInclude Include="externals\assimp\include\assimp\config.h">
      <Filter>ヘッダー ファイル</Filter>
    </ClInclude>
    <ClInclude Include="externals\assimp\include\assimp\CreateAnimMesh.h">
      <Filter>ヘッダー ファイル</Filter>
    </ClInclude>
    <ClInclude Include="externals\assimp\include\assimp\DefaultIOStream.h">
      <Filter>ヘッダー ファイル</Filter>
    </ClInclude>
    <ClInclude Include="externals\assimp\include\assimp\DefaultIOSystem.h">
      <Filter>ヘッダー ファイル</Filter>
    </ClInclude>
    <ClInclude Include="externals\assimp\include\assimp\DefaultLogger.hpp">
      <Filter>ヘッダー ファイル</Filter>
    </ClInclude>
    <ClInclude Include="externals\assimp\include\assimp\defs.h">
      <Filter>ヘッダー ファイル</Filter>
    </ClInclude>
    <ClInclude Include="externals\assimp\include\assimp\Exceptional.h">
      <Filter>ヘッダー ファイル</Filter>
    </ClInclude>
    <ClInclude Include="externals\assimp\include\assimp\Exporter.hpp">
      <Filter>ヘッダー ファイル</Filter>
    </ClInclude>
    <ClInclude Include="externals\assimp\include\assimp\fast_atof.h">
      <Filter>ヘッダー ファイル</Filter>
    </ClInclude>
    <ClInclude Include="externals\assimp\include\assimp\GenericProperty.h">
      <Filter>ヘッダー ファイル</Filter>
    </ClInclude>
    <ClInclude Include="externals\assimp\include\assimp\GltfMaterial.h">
      <Filter>ヘッダー ファイル</Filter>
    </ClInclude>
    <ClInclude Include="externals\assimp\include\assimp\Hash.h">
      <Filter>ヘッダー ファイル</Filter>
    </ClInclude>
    <ClInclude Include="externals\assimp\include\assimp\Importer.hpp">
      <Filter>ヘッダー ファイル</Filter>
    </ClInclude>
    <ClInclude Include="externals\assimp\include\assimp\importerdesc.h">
      <Filter>ヘッダー ファイル</Filter>
    </ClInclude>
    <ClInclude Include="externals\assimp\include\assimp\IOStream.hpp">
      <Filter>ヘッダー ファイル</Filter>
    </ClInclude>
    <ClInclude Include="externals\assimp\include\assimp\IOStreamBuffer.h">
      <Filter>ヘッダー ファイル</Filter>
    </ClInclude>
    <ClInclude Include="externals\assimp\include\assimp\IOSystem.hpp">
      <Filter>ヘッダー ファイル</Filter>
    </ClInclude>
    <ClInclude Include="externals\assimp\include\assimp\light.h">
      <Filter>ヘッダー ファイル</Filter>
    </ClInclude>
    <ClInclude Include="externals\assimp\include\assimp\LineSplitter.h">
      <Filter>ヘッダー ファイル</Filter>
    </ClInclude>
    <ClInclude Include="externals\assimp\include\assimp\LogAux.h">
      <Filter>ヘッダー ファイル</Filter>
    </ClInclude>
    <ClInclude Include="externals\assimp\include\assimp\Logger.hpp">
      <Filter>ヘッダー ファイル</Filter>
    </ClInclude>
    <ClInclude Include="externals\assimp\include\assimp\LogStream.hpp">
      <Filter>ヘッダー ファイル</Filter>
    </ClInclude>
    <ClInclude Include="externals\assimp\include\assimp\material.h">
      <Filter>ヘッダー ファイル</Filter>
    </ClInclude>
    <ClInclude Include="externals\assimp\include\assimp\MathFunctions.h">
      <Filter>ヘッダー ファイル</Filter>
    </ClInclude>
    <ClInclude Include="externals\assimp\include\assimp\matrix3x3.h">
      <Filter>ヘッダー ファイル</Filter>
    </ClInclude>
    <ClInclude Include="externals\assimp\include\assimp\matrix4x4.h">
      <Filter>ヘッダー ファイル</Filter>
    </ClInclude>
    <ClInclude Include="externals\assimp\include\assimp\MemoryIOWrapper.h">
      <Filter>ヘッダー ファイル</Filter>
    </ClInclude>
    <ClInclude Include="externals\assimp\include\assimp\mesh.h">
      <Filter>ヘッダー ファイル</Filter>
    </ClInclude>
    <ClInclude Include="externals\assimp\include\assimp\metadata.h">
      <Filter>ヘッダー ファイル</Filter>
    </ClInclude>
    <ClInclude Include="externals\assimp\include\assimp\NullLogger.hpp">
      <Filter>ヘッダー ファイル</Filter>
    </ClInclude>
    <ClInclude Include="externals\assimp\include\assimp\ObjMaterial.h">
      <Filter>ヘッダー ファイル</Filter>
    </ClInclude>
    <ClInclude Include="externals\assimp\include\assimp\ParsingUtils.h">
      <Filter>ヘッダー ファイル</Filter>
    </ClInclude>
    <ClInclude Include="externals\assimp\include\assimp\pbrmaterial.h">
      <Filter>ヘッダー ファイル</Filter>
    </ClInclude>
    <ClInclude Include="externals\assimp\include\assimp\postprocess.h">
      <Filter>ヘッダー ファイル</Filter>
    </ClInclude>
    <ClInclude Include="externals\assimp\include\assimp\Profiler.h">
      <Filter>ヘッダー ファイル</Filter>
    </ClInclude>
    <ClInclude Include="externals\assimp\include\assimp\ProgressHandler.hpp">
      <Filter>ヘッダー ファイル</Filter>
    </ClInclude>
    <ClInclude Include="externals\assimp\include\assimp\qnan.h">
      <Filter>ヘッダー ファイル</Filter>
    </ClInclude>
    <ClInclude Include="externals\assimp\include\assimp\quaternion.h">
      <Filter>ヘッダー ファイル</Filter>
    </ClInclude>
    <ClInclude Include="externals\assimp\include\assimp\RemoveComments.h">
      <Filter>ヘッダー ファイル</Filter>
    </ClInclude>
    <ClInclude Include="externals\assimp\include\assimp\scene.h">
      <Filter>ヘッダー ファイル</Filter>
    </ClInclude>
    <ClInclude Include="externals\assimp\include\assimp\SceneCombiner.h">
      <Filter>ヘッダー ファイル</Filter>
    </ClInclude>
    <ClInclude Include="externals\assimp\include\assimp\SGSpatialSort.h">
      <Filter>ヘッダー ファイル</Filter>
    </ClInclude>
    <ClInclude Include="externals\assimp\include\assimp\SkeletonMeshBuilder.h">
      <Filter>ヘッダー ファイル</Filter>
    </ClInclude>
    <ClInclude Include="externals\assimp\include\assimp\SmallVector.h">
      <Filter>ヘッダー ファイル</Filter>
    </ClInclude>
    <ClInclude Include="externals\assimp\include\assimp\SmoothingGroups.h">
      <Filter>ヘッダー ファイル</Filter>
    </ClInclude>
    <ClInclude Include="externals\assimp\include\assimp\SpatialSort.h">
      <Filter>ヘッダー ファイル</Filter>
    </ClInclude>
    <ClInclude Include="externals\assimp\include\assimp\StandardShapes.h">
      <Filter>ヘッダー ファイル</Filter>
    </ClInclude>
    <ClInclude Include="externals\assimp\include\assimp\StreamReader.h">
      <Filter>ヘッダー ファイル</Filter>
    </ClInclude>
    <ClInclude Include="externals\assimp\include\assimp\StreamWriter.h">
      <Filter>ヘッダー ファイル</Filter>
    </ClInclude>
    <ClInclude Include="externals\assimp\include\assimp\StringComparison.h">
      <Filter>ヘッダー ファイル</Filter>
    </ClInclude>
    <ClInclude Include="externals\assimp\include\assimp\StringUtils.h">
      <Filter>ヘッダー ファイル</Filter>
    </ClInclude>
    <ClInclude Include="externals\assimp\include\assimp\Subdivision.h">
      <Filter>ヘッダー ファイル</Filter>
    </ClInclude>
    <ClInclude Include="externals\assimp\include\assimp\texture.h">
      <Filter>ヘッダー ファイル</Filter>
    </ClInclude>
    <ClInclude Include="externals\assimp\include\assimp\TinyFormatter.h">
      <Filter>ヘッダー ファイル</Filter>
    </ClInclude>
    <ClInclude Include="externals\assimp\include\assimp\types.h">
      <Filter>ヘッダー ファイル</Filter>
    </ClInclude>
    <ClInclude Include="externals\assimp\include\assimp\vector2.h">
      <Filter>ヘッダー ファイル</Filter>
    </ClInclude>
    <ClInclude Include="externals\assimp\include\assimp\vector3.h">
      <Filter>ヘッダー ファイル</Filter>
    </ClInclude>
    <ClInclude Include="externals\assimp\include\assimp\version.h">
      <Filter>ヘッダー ファイル</Filter>
    </ClInclude>
    <ClInclude Include="externals\assimp\include\assimp\Vertex.h">
      <Filter>ヘッダー ファイル</Filter>
    </ClInclude>
    <ClInclude Include="externals\assimp\include\assimp\XmlParser.h">
      <Filter>ヘッダー ファイル</Filter>
    </ClInclude>
    <ClInclude Include="externals\assimp\include\assimp\XMLTools.h">
      <Filter>ヘッダー ファイル</Filter>
    </ClInclude>
    <ClInclude Include="externals\assimp\include\assimp\ZipArchiveIOSystem.h">
      <Filter>ヘッダー ファイル</Filter>
    </ClInclude>
    <ClInclude Include="kEngine\Scenes\SceneFactory.h">
      <Filter>ヘッダー ファイル</Filter>
    </ClInclude>
    <ClInclude Include="kEngine\Scenes\CG3_HK_2\SceneCGHK2.h">
      <Filter>ヘッダー ファイル</Filter>
    </ClInclude>
    <ClInclude Include="GAME\scenes\scene1.h">
      <Filter>ヘッダー ファイル</Filter>
    </ClInclude>
    <ClInclude Include="kEngine\Math\Matrix3x3Math.h">
      <Filter>ヘッダー ファイル</Filter>
    </ClInclude>
    <ClInclude Include="GAME\scenes\UITest.h">
      <Filter>ヘッダー ファイル</Filter>
    </ClInclude>
    <ClInclude Include="GAME\Object\DetailButton\DetailButton.h">
      <Filter>ヘッダー ファイル</Filter>
    </ClInclude>
    <ClInclude Include="kEngine\Data\Geometry\CrashData\Ray.h">
      <Filter>ヘッダー ファイル</Filter>
    </ClInclude>
    <ClInclude Include="kEngine\Data\Geometry\CrashData\Segment.h">
      <Filter>ヘッダー ファイル</Filter>
    </ClInclude>
    <ClInclude Include="kEngine\Data\Geometry\CrashData\Sphere.h">
      <Filter>ヘッダー ファイル</Filter>
    </ClInclude>
    <ClInclude Include="kEngine\Data\Geometry\CrashData\OldHitBox.h">
      <Filter>ヘッダー ファイル</Filter>
    </ClInclude>
    <ClInclude Include="kEngine\Data\Geometry\CrashData\AABB.h">
      <Filter>ヘッダー ファイル</Filter>
    </ClInclude>
    <ClInclude Include="kEngine\Data\Geometry\CrashData\OBB.h">
      <Filter>ヘッダー ファイル</Filter>
    </ClInclude>
    <ClInclude Include="kEngine\Data\Geometry\CrashData\Capsule.h">
      <Filter>ヘッダー ファイル</Filter>
    </ClInclude>
    <ClInclude Include="kEngine\Tool\DebugTool\DebugLineTool.h">
      <Filter>ヘッダー ファイル</Filter>
    </ClInclude>
    <ClInclude Include="kEngine\Data\Render\GPUData\DebugLineGPU.h">
      <Filter>ヘッダー ファイル</Filter>
    </ClInclude>
    <ClInclude Include="kEngine\Data\Render\CPUData\DebugLine.h">
      <Filter>ヘッダー ファイル</Filter>
    </ClInclude>
    <ClInclude Include="GAME\Object\Panel\Panel.h">
      <Filter>ヘッダー ファイル</Filter>
    </ClInclude>
  </ItemGroup>
  <ItemGroup>
    <FxCompile Include="resources\Shader\LightingLambert\HalfLambert.hlsl">
      <Filter>リソース ファイル</Filter>
    </FxCompile>
    <FxCompile Include="resources\Shader\LightingLambert\Lambert.hlsl">
      <Filter>リソース ファイル</Filter>
    </FxCompile>
    <FxCompile Include="resources\Shader\Object3d.PS.hlsl">
      <Filter>リソース ファイル</Filter>
    </FxCompile>
    <FxCompile Include="resources\Shader\Object3d.VS.hlsl">
      <Filter>リソース ファイル</Filter>
    </FxCompile>
    <FxCompile Include="resources\Shader\Tile2D.PS.hlsl" />
    <FxCompile Include="resources\Shader\Tile2D.VS.hlsl" />
    <FxCompile Include="resources\Shader\LightingLambert\PhongReflection.hlsl" />
    <FxCompile Include="resources\Shader\LightingLambert\BlinnPhongReflection.hlsl" />
    <FxCompile Include="resources\Shader\FlameNeonGlow.PS.hlsl" />
    <FxCompile Include="resources\Shader\FlameNeonGlow.VS.hlsl" />
    <FxCompile Include="resources\Shader\GlowSphere.PS.hlsl" />
    <FxCompile Include="resources\Shader\GlowSphere.VS.hlsl" />
    <FxCompile Include="externals\DirectXTex\Shaders\BC6HEncode.hlsl" />
    <FxCompile Include="externals\DirectXTex\Shaders\BC7Encode.hlsl" />
  </ItemGroup>
  <ItemGroup>
    <None Include="packages.config" />
    <None Include="resources\map\map.csv">
      <Filter>リソース ファイル\Map</Filter>
    </None>
    <None Include="resources\map\map1.csv">
      <Filter>リソース ファイル\Map</Filter>
    </None>
    <None Include="resources\map\map2.csv">
      <Filter>リソース ファイル\Map</Filter>
    </None>
    <None Include="resources\map\map3.csv">
      <Filter>リソース ファイル\Map</Filter>
    </None>
    <None Include="resources\Shader\Tile2D.hlsli" />
    <None Include="externals\DirectXTex\DirectXTex.inl">
      <Filter>ヘッダー ファイル</Filter>
    </None>
    <None Include="externals\assimp\include\assimp\color4.inl">
      <Filter>ヘッダー ファイル</Filter>
    </None>
    <None Include="externals\assimp\include\assimp\material.inl">
      <Filter>ヘッダー ファイル</Filter>
    </None>
    <None Include="externals\assimp\include\assimp\matrix3x3.inl">
      <Filter>ヘッダー ファイル</Filter>
    </None>
    <None Include="externals\assimp\include\assimp\matrix4x4.inl">
      <Filter>ヘッダー ファイル</Filter>
    </None>
    <None Include="externals\assimp\include\assimp\quaternion.inl">
      <Filter>ヘッダー ファイル</Filter>
    </None>
    <None Include="externals\assimp\include\assimp\SmoothingGroups.inl">
      <Filter>ヘッダー ファイル</Filter>
    </None>
    <None Include="externals\assimp\include\assimp\vector2.inl">
      <Filter>ヘッダー ファイル</Filter>
    </None>
    <None Include="externals\assimp\include\assimp\vector3.inl">
      <Filter>ヘッダー ファイル</Filter>
    </None>
    <None Include="externals\DirectXTex\Shaders\CompileShaders.cmd" />
    <None Include="externals\DirectXTex\Shaders\Compiled\BC6HEncode_EncodeBlockCS.inc">
      <Filter>ヘッダー ファイル</Filter>
    </None>
    <None Include="externals\DirectXTex\Shaders\Compiled\BC6HEncode_EncodeBlockCS_cs40.inc">
      <Filter>ヘッダー ファイル</Filter>
    </None>
    <None Include="externals\DirectXTex\Shaders\Compiled\BC6HEncode_TryModeG10CS.inc">
      <Filter>ヘッダー ファイル</Filter>
    </None>
    <None Include="externals\DirectXTex\Shaders\Compiled\BC6HEncode_TryModeG10CS_cs40.inc">
      <Filter>ヘッダー ファイル</Filter>
    </None>
    <None Include="externals\DirectXTex\Shaders\Compiled\BC6HEncode_TryModeLE10CS.inc">
      <Filter>ヘッダー ファイル</Filter>
    </None>
    <None Include="externals\DirectXTex\Shaders\Compiled\BC6HEncode_TryModeLE10CS_cs40.inc">
      <Filter>ヘッダー ファイル</Filter>
    </None>
    <None Include="externals\DirectXTex\Shaders\Compiled\BC7Encode_EncodeBlockCS.inc">
      <Filter>ヘッダー ファイル</Filter>
    </None>
    <None Include="externals\DirectXTex\Shaders\Compiled\BC7Encode_EncodeBlockCS_cs40.inc">
      <Filter>ヘッダー ファイル</Filter>
    </None>
    <None Include="externals\DirectXTex\Shaders\Compiled\BC7Encode_TryMode02CS.inc">
      <Filter>ヘッダー ファイル</Filter>
    </None>
    <None Include="externals\DirectXTex\Shaders\Compiled\BC7Encode_TryMode02CS_cs40.inc">
      <Filter>ヘッダー ファイル</Filter>
    </None>
    <None Include="externals\DirectXTex\Shaders\Compiled\BC7Encode_TryMode137CS.inc">
      <Filter>ヘッダー ファイル</Filter>
    </None>
    <None Include="externals\DirectXTex\Shaders\Compiled\BC7Encode_TryMode137CS_cs40.inc">
      <Filter>ヘッダー ファイル</Filter>
    </None>
    <None Include="externals\DirectXTex\Shaders\Compiled\BC7Encode_TryMode456CS.inc">
      <Filter>ヘッダー ファイル</Filter>
    </None>
    <None Include="externals\DirectXTex\Shaders\Compiled\BC7Encode_TryMode456CS_cs40.inc">
      <Filter>ヘッダー ファイル</Filter>
    </None>
  </ItemGroup>
</Project>